{
  "name": "code",
  "version": "1.0.0",
  "lockfileVersion": 1,
  "requires": true,
  "dependencies": {
    "@types/node": {
      "version": "12.0.12",
      "resolved": "https://repo.dev.wixpress.com/artifactory/api/npm/npm-repos/@types/node/-/node-12.0.12.tgz",
      "integrity": "sha1-zHkbQCNg2x6vcXZHkHL5HubGx8o=",
      "dev": true
    }
  }
}
